
Microsoft Visual Studio Solution File, Format Version 12.00
# Visual Studio Version 17
VisualStudioVersion = 17.7.34024.191
MinimumVisualStudioVersion = 10.0.40219.1
Project("{FAE04EC0-301F-11D3-BF4B-00C04F79EFBC}") = "N13310034", "N13310034\N13310034.csproj", "{9B5BB335-ACFD-429E-BC54-11DC5CF577DC}"
EndProject
Global
	GlobalSection(SolutionConfigurationPlatforms) = preSolution
		Debug|Any CPU = Debug|Any CPU
		Release|Any CPU = Release|Any CPU
	EndGlobalSection
	GlobalSection(ProjectConfigurationPlatforms) = postSolution
		{9B5BB335-ACFD-429E-BC54-11DC5CF577DC}.Debug|Any CPU.ActiveCfg = Debug|Any CPU
		{9B5BB335-ACFD-429E-BC54-11DC5CF577DC}.Debug|Any CPU.Build.0 = Debug|Any CPU
		{9B5BB335-ACFD-429E-BC54-11DC5CF577DC}.Release|Any CPU.ActiveCfg = Release|Any CPU
		{9B5BB335-ACFD-429E-BC54-11DC5CF577DC}.Release|Any CPU.Build.0 = Release|Any CPU
	EndGlobalSection
	GlobalSection(SolutionProperties) = preSolution
		HideSolutionNode = FALSE
	EndGlobalSection
	GlobalSection(ExtensibilityGlobals) = postSolution
		SolutionGuid = {63D22254-4E30-46F1-AA98-34688314F9DA}
	EndGlobalSection
EndGlobal
